
Microsoft Visual Studio Solution File, Format Version 12.00
# Visual Studio 15
VisualStudioVersion = 15.0.27004.2006
MinimumVisualStudioVersion = 10.0.40219.1
Project("{2150E333-8FDC-42A3-9474-1A3956D46DE8}") = "src", "src", "{4DC736B5-772A-411B-A5AA-CED6AFFE1C53}"
EndProject
Project("{FAE04EC0-301F-11D3-BF4B-00C04F79EFBC}") = "Robot.Tests", "Robot.Tests\Robot.Tests.csproj", "{41629256-7B21-4F5B-9CBC-BCE56A06E599}"
EndProject
Project("{9A19103F-16F7-4668-BE54-9A1E7A4F7556}") = "Robot", "src\Robot\Robot.csproj", "{F3C614EC-1740-437F-8390-3982B540869F}"
EndProject
Global
	GlobalSection(SolutionConfigurationPlatforms) = preSolution
		Debug|Any CPU = Debug|Any CPU
		Release|Any CPU = Release|Any CPU
	EndGlobalSection
	GlobalSection(ProjectConfigurationPlatforms) = postSolution
		{41629256-7B21-4F5B-9CBC-BCE56A06E599}.Debug|Any CPU.ActiveCfg = Debug|Any CPU
		{41629256-7B21-4F5B-9CBC-BCE56A06E599}.Debug|Any CPU.Build.0 = Debug|Any CPU
		{41629256-7B21-4F5B-9CBC-BCE56A06E599}.Release|Any CPU.ActiveCfg = Release|Any CPU
		{41629256-7B21-4F5B-9CBC-BCE56A06E599}.Release|Any CPU.Build.0 = Release|Any CPU
		{F3C614EC-1740-437F-8390-3982B540869F}.Debug|Any CPU.ActiveCfg = Debug|Any CPU
		{F3C614EC-1740-437F-8390-3982B540869F}.Debug|Any CPU.Build.0 = Debug|Any CPU
		{F3C614EC-1740-437F-8390-3982B540869F}.Release|Any CPU.ActiveCfg = Release|Any CPU
		{F3C614EC-1740-437F-8390-3982B540869F}.Release|Any CPU.Build.0 = Release|Any CPU
	EndGlobalSection
	GlobalSection(SolutionProperties) = preSolution
		HideSolutionNode = FALSE
	EndGlobalSection
	GlobalSection(NestedProjects) = preSolution
		{F3C614EC-1740-437F-8390-3982B540869F} = {4DC736B5-772A-411B-A5AA-CED6AFFE1C53}
	EndGlobalSection
	GlobalSection(ExtensibilityGlobals) = postSolution
		SolutionGuid = {46D0BB96-2210-432A-8835-128C2C5A1474}
	EndGlobalSection
EndGlobal
